# This file is autogenerated, do not edit; changes may be undone by the next 'dep ensure'.


[[projects]]
  branch = "master"
  digest = "1:496db14dd2be7d3097da97fb7fc7b051073ee6b50dc4ef32e0443ad3d5105cad"
  name = "github.com/u-root/gobusybox"
  packages = [
    "src/pkg/bb",
    "src/pkg/golang",
  ]
  pruneopts = "UT"
  revision = "2b416a5c899f233cb586c6e273745393bf98631d"

[[projects]]
  digest = "1:a698e8ed3829aec881a06a1d178d0df97e83cb29814364bf8cae95e566e5439a"
  name = "github.com/u-root/u-root"
  packages = ["pkg/cp"]
  pruneopts = "UT"
  revision = "5e45509ddd2c688178bff8fc796b028f2a752ecd"
  version = "v7.0.0"

[[projects]]
  digest = "1:467bb8fb8fa786448b8d486cd0bb7c1a5577dcd7310441aa02a20110cd9f727d"
  name = "golang.org/x/mod"
  packages = [
    "module",
    "semver",
  ]
  pruneopts = "UT"
  revision = "859b3ef565e237f9f1a0fb6b55385c497545680d"
  version = "v0.3.0"

[[projects]]
  branch = "master"
  digest = "1:09c483175f95f974cc2324a43b435d1561eea95ade7c387e7cddeba6f1e9506b"
  name = "golang.org/x/tools"
  packages = [
    "go/ast/astutil",
    "go/gcexportdata",
    "go/internal/gcimporter",
    "go/internal/packagesdriver",
    "go/packages",
    "go/types/typeutil",
    "imports",
    "internal/event",
    "internal/event/core",
    "internal/event/keys",
    "internal/event/label",
    "internal/fastwalk",
    "internal/gocommand",
    "internal/gopathwalk",
    "internal/imports",
    "internal/packagesinternal",
    "internal/typesinternal",
  ]
  pruneopts = "UT"
  revision = "39188db5885871ea0132a6314eab0c1b5d179a8b"

[[projects]]
  branch = "master"
  digest = "1:918a46e4a2fb83df33f668f5a6bd51b2996775d073fce1800d3ec01b0a5ddd2b"
  name = "golang.org/x/xerrors"
  packages = [
    ".",
    "internal",
  ]
  pruneopts = "UT"
  revision = "5ec99f83aff198f5fbd629d6c8d8eb38a04218ca"

[solve-meta]
  analyzer-name = "dep"
  analyzer-version = 1
  input-imports = [
    "github.com/u-root/gobusybox/src/pkg/bb",
    "github.com/u-root/gobusybox/src/pkg/golang",
  ]
  solver-name = "gps-cdcl"
  solver-version = 1
