github.com/u-root/gobusybox v0.0.0-20200907101514-33645cc3fd84 h1:yCEybYrJXIipTY4DzcQejDTpUEOcJlxCNFWafwtK1F8=
github.com/u-root/gobusybox/test/mod6 v0.0.0-20200907120712-30940fe2554f h1:O736xmUk+X0mqX0sbT1Ydg1vdLit9lmy8y6BzfctC1Q=
github.com/u-root/gobusybox/test/mod6 v0.0.0-20200907120712-30940fe2554f/go.mod h1:JaH6Jqx7G0Q+TWR+KTWl+cw9y/5Rkl7qhrZkvpBbO9Q=
