# This file is autogenerated, do not edit; changes may be undone by the next 'dep ensure'.


[[projects]]
  branch = "master"
  digest = "1:b4fbff23277cba68615f87294558de11a673b183c1c4627ed81e7d9cd8607fc9"
  name = "github.com/u-root/u-root"
  packages = [
    "pkg/strace",
    "pkg/strace/internal/abi",
    "pkg/strace/internal/binary",
    "pkg/ubinary",
  ]
  pruneopts = "UT"
  revision = "5e45509ddd2c688178bff8fc796b028f2a752ecd"

[[projects]]
  branch = "master"
  digest = "1:f39dab930d993596c345ad939b29990fb0e142e62d587615975cc4aad4f6942d"
  name = "golang.org/x/sys"
  packages = [
    "internal/unsafeheader",
    "unix",
  ]
  pruneopts = "UT"
  revision = "196b9ba8737a10c9253b04174f25881e562da5b8"

[solve-meta]
  analyzer-name = "dep"
  analyzer-version = 1
  input-imports = [
    "github.com/u-root/u-root/pkg/strace",
    "golang.org/x/sys/unix",
  ]
  solver-name = "gps-cdcl"
  solver-version = 1
